# This file is automatically @generated by Cargo.
# It is not intended for manual editing.
version = 3

[[package]]
name = "services_lambda_generate_story"
version = "0.1.0"

[[package]]
name = "services_lambda_generate_story_audio"
version = "0.1.0"

[[package]]
name = "services_lambda_generate_story_images"
version = "0.1.0"
